
Microsoft Visual Studio Solution File, Format Version 12.00
# Visual Studio Version 17
VisualStudioVersion = 17.2.32630.192
MinimumVisualStudioVersion = 10.0.40219.1
Project("{FAE04EC0-301F-11D3-BF4B-00C04F79EFBC}") = "DemoApp", "DemoApp\DemoApp.csproj", "{1A32D77A-D463-4789-86CA-145CE1FBF909}"
EndProject
Global
	GlobalSection(SolutionConfigurationPlatforms) = preSolution
		Debug|Any CPU = Debug|Any CPU
		Release|Any CPU = Release|Any CPU
	EndGlobalSection
	GlobalSection(ProjectConfigurationPlatforms) = postSolution
		{1A32D77A-D463-4789-86CA-145CE1FBF909}.Debug|Any CPU.ActiveCfg = Debug|Any CPU
		{1A32D77A-D463-4789-86CA-145CE1FBF909}.Debug|Any CPU.Build.0 = Debug|Any CPU
		{1A32D77A-D463-4789-86CA-145CE1FBF909}.Release|Any CPU.ActiveCfg = Release|Any CPU
		{1A32D77A-D463-4789-86CA-145CE1FBF909}.Release|Any CPU.Build.0 = Release|Any CPU
	EndGlobalSection
	GlobalSection(SolutionProperties) = preSolution
		HideSolutionNode = FALSE
	EndGlobalSection
	GlobalSection(ExtensibilityGlobals) = postSolution
		SolutionGuid = {42435695-C2A5-41FA-AF32-ED7894692601}
	EndGlobalSection
EndGlobal
